PODS:
  - LiquidFloatingActionButton (2.0.0)

DEPENDENCIES:
  - LiquidFloatingActionButton (from `../`)

EXTERNAL SOURCES:
  LiquidFloatingActionButton:
    :path: "../"

SPEC CHECKSUMS:
  LiquidFloatingActionButton: 61496c787627103ccb3a23d4dea71faef4a84d4d

PODFILE CHECKSUM: 4b4d9699a7d56b4044c39b535722fbe8e4624bc5

COCOAPODS: 1.7.3
